// !$*UTF8*$!
{
	archiveVersion = 1;
	classes = {
	};
	objectVersion = 50;
	objects = {

/* Begin PBXBuildFile section */
		06196ADF26E60B46009D8026 /* AppCoordinatorContext.swift in Sources */ = {isa = PBXBuildFile; fileRef = 06196ADE26E60B46009D8026 /* AppCoordinatorContext.swift */; };
		06434F0326D4CD3800CAAB7F /* MainPresenter.swift in Sources */ = {isa = PBXBuildFile; fileRef = 06434F0226D4CD3800CAAB7F /* MainPresenter.swift */; };
		06434F0926D4CDAC00CAAB7F /* MainSceneAssembler.swift in Sources */ = {isa = PBXBuildFile; fileRef = 06434F0826D4CDAC00CAAB7F /* MainSceneAssembler.swift */; };
		06434F1126D4CF6800CAAB7F /* SplitResult.swift in Sources */ = {isa = PBXBuildFile; fileRef = 06434F1026D4CF6800CAAB7F /* SplitResult.swift */; };
		06434F1B26D4D00200CAAB7F /* NumberSplitter.swift in Sources */ = {isa = PBXBuildFile; fileRef = 06434F1A26D4D00200CAAB7F /* NumberSplitter.swift */; };
		06434F2026D4D90A00CAAB7F /* MainSceneDependencyContainer.swift in Sources */ = {isa = PBXBuildFile; fileRef = 06434F1F26D4D90A00CAAB7F /* MainSceneDependencyContainer.swift */; };
		0643CEED26D3B9FB000480BE /* UIView+SafeAnchors.swift in Sources */ = {isa = PBXBuildFile; fileRef = 0643CEEC26D3B9FB000480BE /* UIView+SafeAnchors.swift */; };
		0643CF7F26D3EBEC000480BE /* MainInteractor.swift in Sources */ = {isa = PBXBuildFile; fileRef = 0643CF7E26D3EBEC000480BE /* MainInteractor.swift */; };
		0666C20826E635E10097877A /* ApplicationCoordinatorLogic.swift in Sources */ = {isa = PBXBuildFile; fileRef = 0666C20726E635E10097877A /* ApplicationCoordinatorLogic.swift */; };
		0666C21126E640AB0097877A /* SplashSceneInteractor.swift in Sources */ = {isa = PBXBuildFile; fileRef = 0666C21026E640AB0097877A /* SplashSceneInteractor.swift */; };
		069C606226D3AE2400C9ED79 /* AppDelegate.swift in Sources */ = {isa = PBXBuildFile; fileRef = 069C606126D3AE2400C9ED79 /* AppDelegate.swift */; };
		069C606426D3AE2400C9ED79 /* SceneDelegate.swift in Sources */ = {isa = PBXBuildFile; fileRef = 069C606326D3AE2400C9ED79 /* SceneDelegate.swift */; };
		069C606626D3AE2400C9ED79 /* MainViewController.swift in Sources */ = {isa = PBXBuildFile; fileRef = 069C606526D3AE2400C9ED79 /* MainViewController.swift */; };
		069C606B26D3AE2600C9ED79 /* Assets.xcassets in Resources */ = {isa = PBXBuildFile; fileRef = 069C606A26D3AE2600C9ED79 /* Assets.xcassets */; };
		069C606E26D3AE2600C9ED79 /* LaunchScreen.storyboard in Resources */ = {isa = PBXBuildFile; fileRef = 069C606C26D3AE2600C9ED79 /* LaunchScreen.storyboard */; };
		069C607926D3AE2600C9ED79 /* PartsFinderTests.swift in Sources */ = {isa = PBXBuildFile; fileRef = 069C607826D3AE2600C9ED79 /* PartsFinderTests.swift */; };
		069C608426D3AE2600C9ED79 /* PartsFinderUITests.swift in Sources */ = {isa = PBXBuildFile; fileRef = 069C608326D3AE2600C9ED79 /* PartsFinderUITests.swift */; };
		06A4446E26E23F84005052AE /* Double+NSDecimalNumber.swift in Sources */ = {isa = PBXBuildFile; fileRef = 06A4446D26E23F84005052AE /* Double+NSDecimalNumber.swift */; };
		140B63AC7A884969D294128B /* Pods_PartsFinder_PartsFinderUITests.framework in Frameworks */ = {isa = PBXBuildFile; fileRef = CADB8C60135C8DF68B6184A4 /* Pods_PartsFinder_PartsFinderUITests.framework */; };
		3F18818726E75B7900769D38 /* CoordinatorContext.swift in Sources */ = {isa = PBXBuildFile; fileRef = 3F18818626E75B7900769D38 /* CoordinatorContext.swift */; };
		3F59B53026E38A6200DE992A /* MainViewController+UITextFieldDelegate.swift in Sources */ = {isa = PBXBuildFile; fileRef = 3F59B52F26E38A6200DE992A /* MainViewController+UITextFieldDelegate.swift */; };
		3F844CE026E4F0A100208FC6 /* SplashScreenViewController.swift in Sources */ = {isa = PBXBuildFile; fileRef = 3F844CDF26E4F0A100208FC6 /* SplashScreenViewController.swift */; };
		3F844CE826E4FDE600208FC6 /* nexaLight.otf in Resources */ = {isa = PBXBuildFile; fileRef = 3F844CE526E4FD8300208FC6 /* nexaLight.otf */; };
		3F844CE926E4FDE600208FC6 /* nexaBold.otf in Resources */ = {isa = PBXBuildFile; fileRef = 3F844CE426E4FD8300208FC6 /* nexaBold.otf */; };
		3F844CEB26E4FEF100208FC6 /* UIFont+Names.swift in Sources */ = {isa = PBXBuildFile; fileRef = 3F844CEA26E4FEF100208FC6 /* UIFont+Names.swift */; };
		3F844CF326E52ED500208FC6 /* SplashSceneAssembler.swift in Sources */ = {isa = PBXBuildFile; fileRef = 3F844CF226E52ED500208FC6 /* SplashSceneAssembler.swift */; };
		3F844CFA26E5395300208FC6 /* Coordinator.swift in Sources */ = {isa = PBXBuildFile; fileRef = 3F844CF926E5395300208FC6 /* Coordinator.swift */; };
		3F844CFD26E53F0000208FC6 /* AssemblyLogic.swift in Sources */ = {isa = PBXBuildFile; fileRef = 3F844CFC26E53F0000208FC6 /* AssemblyLogic.swift */; };
		3F844D0426E54E9500208FC6 /* AssemblersContainer.swift in Sources */ = {isa = PBXBuildFile; fileRef = 3F844D0326E54E9500208FC6 /* AssemblersContainer.swift */; };
		3FC724D326ED584100F1BF0D /* DSNGradient.swift in Sources */ = {isa = PBXBuildFile; fileRef = 3FC724D226ED584100F1BF0D /* DSNGradient.swift */; };
		3FC724D526ED588800F1BF0D /* DSNColor.swift in Sources */ = {isa = PBXBuildFile; fileRef = 3FC724D426ED588800F1BF0D /* DSNColor.swift */; };
		3FC724DB26EDFD3100F1BF0D /* SplashSceneViewContext.swift in Sources */ = {isa = PBXBuildFile; fileRef = 3FC724DA26EDFD3100F1BF0D /* SplashSceneViewContext.swift */; };
		4F3189235107E3D1F2E51BD7 /* Pods_PartsFinder.framework in Frameworks */ = {isa = PBXBuildFile; fileRef = DA39051AB0783DBF5DDCB607 /* Pods_PartsFinder.framework */; };
		8563867A6D8091E95993BADE /* Pods_PartsFinderTests.framework in Frameworks */ = {isa = PBXBuildFile; fileRef = C7C4510E5933004C1A0BB536 /* Pods_PartsFinderTests.framework */; };
/* End PBXBuildFile section */

/* Begin PBXContainerItemProxy section */
		069C607526D3AE2600C9ED79 /* PBXContainerItemProxy */ = {
			isa = PBXContainerItemProxy;
			containerPortal = 069C605626D3AE2400C9ED79 /* Project object */;
			proxyType = 1;
			remoteGlobalIDString = 069C605D26D3AE2400C9ED79;
			remoteInfo = PartsFinder;
		};
		069C608026D3AE2600C9ED79 /* PBXContainerItemProxy */ = {
			isa = PBXContainerItemProxy;
			containerPortal = 069C605626D3AE2400C9ED79 /* Project object */;
			proxyType = 1;
			remoteGlobalIDString = 069C605D26D3AE2400C9ED79;
			remoteInfo = PartsFinder;
		};
/* End PBXContainerItemProxy section */

/* Begin PBXFileReference section */
		06196ADE26E60B46009D8026 /* AppCoordinatorContext.swift */ = {isa = PBXFileReference; lastKnownFileType = sourcecode.swift; path = AppCoordinatorContext.swift; sourceTree = "<group>"; };
		06434F0226D4CD3800CAAB7F /* MainPresenter.swift */ = {isa = PBXFileReference; lastKnownFileType = sourcecode.swift; path = MainPresenter.swift; sourceTree = "<group>"; };
		06434F0826D4CDAC00CAAB7F /* MainSceneAssembler.swift */ = {isa = PBXFileReference; lastKnownFileType = sourcecode.swift; path = MainSceneAssembler.swift; sourceTree = "<group>"; };
		06434F1026D4CF6800CAAB7F /* SplitResult.swift */ = {isa = PBXFileReference; lastKnownFileType = sourcecode.swift; path = SplitResult.swift; sourceTree = "<group>"; };
		06434F1A26D4D00200CAAB7F /* NumberSplitter.swift */ = {isa = PBXFileReference; lastKnownFileType = sourcecode.swift; path = NumberSplitter.swift; sourceTree = "<group>"; };
		06434F1F26D4D90A00CAAB7F /* MainSceneDependencyContainer.swift */ = {isa = PBXFileReference; lastKnownFileType = sourcecode.swift; path = MainSceneDependencyContainer.swift; sourceTree = "<group>"; };
		0643CEEC26D3B9FB000480BE /* UIView+SafeAnchors.swift */ = {isa = PBXFileReference; lastKnownFileType = sourcecode.swift; path = "UIView+SafeAnchors.swift"; sourceTree = "<group>"; };
		0643CF7E26D3EBEC000480BE /* MainInteractor.swift */ = {isa = PBXFileReference; lastKnownFileType = sourcecode.swift; path = MainInteractor.swift; sourceTree = "<group>"; };
		0666C20726E635E10097877A /* ApplicationCoordinatorLogic.swift */ = {isa = PBXFileReference; lastKnownFileType = sourcecode.swift; path = ApplicationCoordinatorLogic.swift; sourceTree = "<group>"; };
		0666C21026E640AB0097877A /* SplashSceneInteractor.swift */ = {isa = PBXFileReference; lastKnownFileType = sourcecode.swift; path = SplashSceneInteractor.swift; sourceTree = "<group>"; };
		069C605E26D3AE2400C9ED79 /* PartsFinder.app */ = {isa = PBXFileReference; explicitFileType = wrapper.application; includeInIndex = 0; path = PartsFinder.app; sourceTree = BUILT_PRODUCTS_DIR; };
		069C606126D3AE2400C9ED79 /* AppDelegate.swift */ = {isa = PBXFileReference; lastKnownFileType = sourcecode.swift; path = AppDelegate.swift; sourceTree = "<group>"; };
		069C606326D3AE2400C9ED79 /* SceneDelegate.swift */ = {isa = PBXFileReference; lastKnownFileType = sourcecode.swift; path = SceneDelegate.swift; sourceTree = "<group>"; };
		069C606526D3AE2400C9ED79 /* MainViewController.swift */ = {isa = PBXFileReference; lastKnownFileType = sourcecode.swift; path = MainViewController.swift; sourceTree = "<group>"; };
		069C606A26D3AE2600C9ED79 /* Assets.xcassets */ = {isa = PBXFileReference; lastKnownFileType = folder.assetcatalog; path = Assets.xcassets; sourceTree = "<group>"; };
		069C606D26D3AE2600C9ED79 /* Base */ = {isa = PBXFileReference; lastKnownFileType = file.storyboard; name = Base; path = Base.lproj/LaunchScreen.storyboard; sourceTree = "<group>"; };
		069C606F26D3AE2600C9ED79 /* Info.plist */ = {isa = PBXFileReference; lastKnownFileType = text.plist.xml; path = Info.plist; sourceTree = "<group>"; };
		069C607426D3AE2600C9ED79 /* PartsFinderTests.xctest */ = {isa = PBXFileReference; explicitFileType = wrapper.cfbundle; includeInIndex = 0; path = PartsFinderTests.xctest; sourceTree = BUILT_PRODUCTS_DIR; };
		069C607826D3AE2600C9ED79 /* PartsFinderTests.swift */ = {isa = PBXFileReference; lastKnownFileType = sourcecode.swift; path = PartsFinderTests.swift; sourceTree = "<group>"; };
		069C607A26D3AE2600C9ED79 /* Info.plist */ = {isa = PBXFileReference; lastKnownFileType = text.plist.xml; path = Info.plist; sourceTree = "<group>"; };
		069C607F26D3AE2600C9ED79 /* PartsFinderUITests.xctest */ = {isa = PBXFileReference; explicitFileType = wrapper.cfbundle; includeInIndex = 0; path = PartsFinderUITests.xctest; sourceTree = BUILT_PRODUCTS_DIR; };
		069C608326D3AE2600C9ED79 /* PartsFinderUITests.swift */ = {isa = PBXFileReference; lastKnownFileType = sourcecode.swift; path = PartsFinderUITests.swift; sourceTree = "<group>"; };
		069C608526D3AE2600C9ED79 /* Info.plist */ = {isa = PBXFileReference; lastKnownFileType = text.plist.xml; path = Info.plist; sourceTree = "<group>"; };
		06A4446D26E23F84005052AE /* Double+NSDecimalNumber.swift */ = {isa = PBXFileReference; lastKnownFileType = sourcecode.swift; path = "Double+NSDecimalNumber.swift"; sourceTree = "<group>"; };
		1342FDBD35A9144EE41E3D68 /* Pods-PartsFinderTests.debug.xcconfig */ = {isa = PBXFileReference; includeInIndex = 1; lastKnownFileType = text.xcconfig; name = "Pods-PartsFinderTests.debug.xcconfig"; path = "Target Support Files/Pods-PartsFinderTests/Pods-PartsFinderTests.debug.xcconfig"; sourceTree = "<group>"; };
		3F18818626E75B7900769D38 /* CoordinatorContext.swift */ = {isa = PBXFileReference; lastKnownFileType = sourcecode.swift; path = CoordinatorContext.swift; sourceTree = "<group>"; };
		3F59B52F26E38A6200DE992A /* MainViewController+UITextFieldDelegate.swift */ = {isa = PBXFileReference; lastKnownFileType = sourcecode.swift; path = "MainViewController+UITextFieldDelegate.swift"; sourceTree = "<group>"; };
		3F844CDF26E4F0A100208FC6 /* SplashScreenViewController.swift */ = {isa = PBXFileReference; lastKnownFileType = sourcecode.swift; path = SplashScreenViewController.swift; sourceTree = "<group>"; };
		3F844CE426E4FD8300208FC6 /* nexaBold.otf */ = {isa = PBXFileReference; lastKnownFileType = file; path = nexaBold.otf; sourceTree = "<group>"; };
		3F844CE526E4FD8300208FC6 /* nexaLight.otf */ = {isa = PBXFileReference; lastKnownFileType = file; path = nexaLight.otf; sourceTree = "<group>"; };
		3F844CEA26E4FEF100208FC6 /* UIFont+Names.swift */ = {isa = PBXFileReference; lastKnownFileType = sourcecode.swift; path = "UIFont+Names.swift"; sourceTree = "<group>"; };
		3F844CF226E52ED500208FC6 /* SplashSceneAssembler.swift */ = {isa = PBXFileReference; lastKnownFileType = sourcecode.swift; path = SplashSceneAssembler.swift; sourceTree = "<group>"; };
		3F844CF926E5395300208FC6 /* Coordinator.swift */ = {isa = PBXFileReference; lastKnownFileType = sourcecode.swift; path = Coordinator.swift; sourceTree = "<group>"; };
		3F844CFC26E53F0000208FC6 /* AssemblyLogic.swift */ = {isa = PBXFileReference; lastKnownFileType = sourcecode.swift; path = AssemblyLogic.swift; sourceTree = "<group>"; };
		3F844D0326E54E9500208FC6 /* AssemblersContainer.swift */ = {isa = PBXFileReference; lastKnownFileType = sourcecode.swift; path = AssemblersContainer.swift; sourceTree = "<group>"; };
		3FC724D226ED584100F1BF0D /* DSNGradient.swift */ = {isa = PBXFileReference; lastKnownFileType = sourcecode.swift; path = DSNGradient.swift; sourceTree = "<group>"; };
		3FC724D426ED588800F1BF0D /* DSNColor.swift */ = {isa = PBXFileReference; lastKnownFileType = sourcecode.swift; path = DSNColor.swift; sourceTree = "<group>"; };
		3FC724DA26EDFD3100F1BF0D /* SplashSceneViewContext.swift */ = {isa = PBXFileReference; lastKnownFileType = sourcecode.swift; path = SplashSceneViewContext.swift; sourceTree = "<group>"; };
		7410AE2D547C7E36C3AD8DEC /* Pods-PartsFinder-PartsFinderUITests.release.xcconfig */ = {isa = PBXFileReference; includeInIndex = 1; lastKnownFileType = text.xcconfig; name = "Pods-PartsFinder-PartsFinderUITests.release.xcconfig"; path = "Target Support Files/Pods-PartsFinder-PartsFinderUITests/Pods-PartsFinder-PartsFinderUITests.release.xcconfig"; sourceTree = "<group>"; };
		8074B73EB565CC9585B4C2D7 /* Pods-PartsFinder-PartsFinderUITests.debug.xcconfig */ = {isa = PBXFileReference; includeInIndex = 1; lastKnownFileType = text.xcconfig; name = "Pods-PartsFinder-PartsFinderUITests.debug.xcconfig"; path = "Target Support Files/Pods-PartsFinder-PartsFinderUITests/Pods-PartsFinder-PartsFinderUITests.debug.xcconfig"; sourceTree = "<group>"; };
		9276A06F0652405E9C8439DF /* Pods-PartsFinder.release.xcconfig */ = {isa = PBXFileReference; includeInIndex = 1; lastKnownFileType = text.xcconfig; name = "Pods-PartsFinder.release.xcconfig"; path = "Target Support Files/Pods-PartsFinder/Pods-PartsFinder.release.xcconfig"; sourceTree = "<group>"; };
		ACA03C51F51991C4F291A141 /* Pods-PartsFinder.debug.xcconfig */ = {isa = PBXFileReference; includeInIndex = 1; lastKnownFileType = text.xcconfig; name = "Pods-PartsFinder.debug.xcconfig"; path = "Target Support Files/Pods-PartsFinder/Pods-PartsFinder.debug.xcconfig"; sourceTree = "<group>"; };
		C7C4510E5933004C1A0BB536 /* Pods_PartsFinderTests.framework */ = {isa = PBXFileReference; explicitFileType = wrapper.framework; includeInIndex = 0; path = Pods_PartsFinderTests.framework; sourceTree = BUILT_PRODUCTS_DIR; };
		CADB8C60135C8DF68B6184A4 /* Pods_PartsFinder_PartsFinderUITests.framework */ = {isa = PBXFileReference; explicitFileType = wrapper.framework; includeInIndex = 0; path = Pods_PartsFinder_PartsFinderUITests.framework; sourceTree = BUILT_PRODUCTS_DIR; };
		DA39051AB0783DBF5DDCB607 /* Pods_PartsFinder.framework */ = {isa = PBXFileReference; explicitFileType = wrapper.framework; includeInIndex = 0; path = Pods_PartsFinder.framework; sourceTree = BUILT_PRODUCTS_DIR; };
		EC6349AD03EE3D4FB09F011F /* Pods-PartsFinderTests.release.xcconfig */ = {isa = PBXFileReference; includeInIndex = 1; lastKnownFileType = text.xcconfig; name = "Pods-PartsFinderTests.release.xcconfig"; path = "Target Support Files/Pods-PartsFinderTests/Pods-PartsFinderTests.release.xcconfig"; sourceTree = "<group>"; };
/* End PBXFileReference section */

/* Begin PBXFrameworksBuildPhase section */
		069C605B26D3AE2400C9ED79 /* Frameworks */ = {
			isa = PBXFrameworksBuildPhase;
			buildActionMask = 2147483647;
			files = (
				4F3189235107E3D1F2E51BD7 /* Pods_PartsFinder.framework in Frameworks */,
			);
			runOnlyForDeploymentPostprocessing = 0;
		};
		069C607126D3AE2600C9ED79 /* Frameworks */ = {
			isa = PBXFrameworksBuildPhase;
			buildActionMask = 2147483647;
			files = (
				8563867A6D8091E95993BADE /* Pods_PartsFinderTests.framework in Frameworks */,
			);
			runOnlyForDeploymentPostprocessing = 0;
		};
		069C607C26D3AE2600C9ED79 /* Frameworks */ = {
			isa = PBXFrameworksBuildPhase;
			buildActionMask = 2147483647;
			files = (
				140B63AC7A884969D294128B /* Pods_PartsFinder_PartsFinderUITests.framework in Frameworks */,
			);
			runOnlyForDeploymentPostprocessing = 0;
		};
/* End PBXFrameworksBuildPhase section */

/* Begin PBXGroup section */
		06434F1526D4CF9300CAAB7F /* Entities */ = {
			isa = PBXGroup;
			children = (
				06434F1026D4CF6800CAAB7F /* SplitResult.swift */,
				06434F1F26D4D90A00CAAB7F /* MainSceneDependencyContainer.swift */,
			);
			path = Entities;
			sourceTree = "<group>";
		};
		06434F1926D4CFF700CAAB7F /* Workers */ = {
			isa = PBXGroup;
			children = (
				06434F1A26D4D00200CAAB7F /* NumberSplitter.swift */,
				3F18818626E75B7900769D38 /* CoordinatorContext.swift */,
			);
			path = Workers;
			sourceTree = "<group>";
		};
		0643CEDE26D3B970000480BE /* Resources */ = {
			isa = PBXGroup;
			children = (
				3F844CE226E4FD7000208FC6 /* Fonts */,
				069C606A26D3AE2600C9ED79 /* Assets.xcassets */,
				069C606C26D3AE2600C9ED79 /* LaunchScreen.storyboard */,
				069C606F26D3AE2600C9ED79 /* Info.plist */,
			);
			path = Resources;
			sourceTree = "<group>";
		};
		0643CEDF26D3B97C000480BE /* Common */ = {
			isa = PBXGroup;
			children = (
				069C606126D3AE2400C9ED79 /* AppDelegate.swift */,
				069C606326D3AE2400C9ED79 /* SceneDelegate.swift */,
			);
			path = Common;
			sourceTree = "<group>";
		};
		0643CEE326D3B985000480BE /* Main */ = {
			isa = PBXGroup;
			children = (
				3F5F382E26E3E1D400452BAF /* Assembly */,
				0643CF7626D3E9BF000480BE /* View */,
				0643CF7526D3E9B3000480BE /* Interactor */,
				0643CF7726D3E9CA000480BE /* Presetner */,
				06434F1526D4CF9300CAAB7F /* Entities */,
			);
			path = Main;
			sourceTree = "<group>";
		};
		0643CEEA26D3B9DF000480BE /* Library */ = {
			isa = PBXGroup;
			children = (
				3FC724D126ED582E00F1BF0D /* Design */,
				3F844D0226E54E8200208FC6 /* Entities */,
				3F844CFB26E53EEB00208FC6 /* Protocols */,
				3F844CF826E5394700208FC6 /* Coordinator */,
				06434F1926D4CFF700CAAB7F /* Workers */,
				0643CEEB26D3B9EC000480BE /* Extensions */,
			);
			path = Library;
			sourceTree = "<group>";
		};
		0643CEEB26D3B9EC000480BE /* Extensions */ = {
			isa = PBXGroup;
			children = (
				06A4446D26E23F84005052AE /* Double+NSDecimalNumber.swift */,
				3F844CEA26E4FEF100208FC6 /* UIFont+Names.swift */,
				0643CEEC26D3B9FB000480BE /* UIView+SafeAnchors.swift */,
			);
			path = Extensions;
			sourceTree = "<group>";
		};
		0643CF7526D3E9B3000480BE /* Interactor */ = {
			isa = PBXGroup;
			children = (
				0643CF7E26D3EBEC000480BE /* MainInteractor.swift */,
			);
			path = Interactor;
			sourceTree = "<group>";
		};
		0643CF7626D3E9BF000480BE /* View */ = {
			isa = PBXGroup;
			children = (
				069C606526D3AE2400C9ED79 /* MainViewController.swift */,
				3F59B52F26E38A6200DE992A /* MainViewController+UITextFieldDelegate.swift */,
			);
			path = View;
			sourceTree = "<group>";
		};
		0643CF7726D3E9CA000480BE /* Presetner */ = {
			isa = PBXGroup;
			children = (
				06434F0226D4CD3800CAAB7F /* MainPresenter.swift */,
			);
			path = Presetner;
			sourceTree = "<group>";
		};
		0666C20F26E640A20097877A /* Interactor */ = {
			isa = PBXGroup;
			children = (
				0666C21026E640AB0097877A /* SplashSceneInteractor.swift */,
			);
			path = Interactor;
			sourceTree = "<group>";
		};
		069C605526D3AE2400C9ED79 = {
			isa = PBXGroup;
			children = (
				069C606026D3AE2400C9ED79 /* PartsFinder */,
				069C607726D3AE2600C9ED79 /* PartsFinderTests */,
				069C608226D3AE2600C9ED79 /* PartsFinderUITests */,
				069C605F26D3AE2400C9ED79 /* Products */,
				DCA56582781063F64966E5A4 /* Pods */,
				B3E9D99AB3A0152FA7894233 /* Frameworks */,
			);
			sourceTree = "<group>";
		};
		069C605F26D3AE2400C9ED79 /* Products */ = {
			isa = PBXGroup;
			children = (
				069C605E26D3AE2400C9ED79 /* PartsFinder.app */,
				069C607426D3AE2600C9ED79 /* PartsFinderTests.xctest */,
				069C607F26D3AE2600C9ED79 /* PartsFinderUITests.xctest */,
			);
			name = Products;
			sourceTree = "<group>";
		};
		069C606026D3AE2400C9ED79 /* PartsFinder */ = {
			isa = PBXGroup;
			children = (
				0643CEDF26D3B97C000480BE /* Common */,
				0643CEEA26D3B9DF000480BE /* Library */,
				3F844CED26E52DD200208FC6 /* Scenes */,
				0643CEDE26D3B970000480BE /* Resources */,
			);
			path = PartsFinder;
			sourceTree = "<group>";
		};
		069C607726D3AE2600C9ED79 /* PartsFinderTests */ = {
			isa = PBXGroup;
			children = (
				069C607826D3AE2600C9ED79 /* PartsFinderTests.swift */,
				069C607A26D3AE2600C9ED79 /* Info.plist */,
			);
			path = PartsFinderTests;
			sourceTree = "<group>";
		};
		069C608226D3AE2600C9ED79 /* PartsFinderUITests */ = {
			isa = PBXGroup;
			children = (
				069C608326D3AE2600C9ED79 /* PartsFinderUITests.swift */,
				069C608526D3AE2600C9ED79 /* Info.plist */,
			);
			path = PartsFinderUITests;
			sourceTree = "<group>";
		};
		3F5F382E26E3E1D400452BAF /* Assembly */ = {
			isa = PBXGroup;
			children = (
				06434F0826D4CDAC00CAAB7F /* MainSceneAssembler.swift */,
			);
			path = Assembly;
			sourceTree = "<group>";
		};
		3F844CE126E4F0A500208FC6 /* View */ = {
			isa = PBXGroup;
			children = (
				3F844CDF26E4F0A100208FC6 /* SplashScreenViewController.swift */,
				3FC724DA26EDFD3100F1BF0D /* SplashSceneViewContext.swift */,
			);
			path = View;
			sourceTree = "<group>";
		};
		3F844CE226E4FD7000208FC6 /* Fonts */ = {
			isa = PBXGroup;
			children = (
				3F844CE326E4FD8300208FC6 /* Nexa */,
			);
			path = Fonts;
			sourceTree = "<group>";
		};
		3F844CE326E4FD8300208FC6 /* Nexa */ = {
			isa = PBXGroup;
			children = (
				3F844CE426E4FD8300208FC6 /* nexaBold.otf */,
				3F844CE526E4FD8300208FC6 /* nexaLight.otf */,
			);
			path = Nexa;
			sourceTree = "<group>";
		};
		3F844CEC26E52DB900208FC6 /* Splash */ = {
			isa = PBXGroup;
			children = (
				3F844CF126E52DEC00208FC6 /* Assembly */,
				3F844CE126E4F0A500208FC6 /* View */,
				0666C20F26E640A20097877A /* Interactor */,
			);
			path = Splash;
			sourceTree = "<group>";
		};
		3F844CED26E52DD200208FC6 /* Scenes */ = {
			isa = PBXGroup;
			children = (
				3F844CEC26E52DB900208FC6 /* Splash */,
				0643CEE326D3B985000480BE /* Main */,
			);
			path = Scenes;
			sourceTree = "<group>";
		};
		3F844CF126E52DEC00208FC6 /* Assembly */ = {
			isa = PBXGroup;
			children = (
				3F844CF226E52ED500208FC6 /* SplashSceneAssembler.swift */,
			);
			path = Assembly;
			sourceTree = "<group>";
		};
		3F844CF826E5394700208FC6 /* Coordinator */ = {
			isa = PBXGroup;
			children = (
				3F844CF926E5395300208FC6 /* Coordinator.swift */,
			);
			path = Coordinator;
			sourceTree = "<group>";
		};
		3F844CFB26E53EEB00208FC6 /* Protocols */ = {
			isa = PBXGroup;
			children = (
				3F844CFC26E53F0000208FC6 /* AssemblyLogic.swift */,
				0666C20726E635E10097877A /* ApplicationCoordinatorLogic.swift */,
			);
			path = Protocols;
			sourceTree = "<group>";
		};
		3F844D0226E54E8200208FC6 /* Entities */ = {
			isa = PBXGroup;
			children = (
				3F844D0326E54E9500208FC6 /* AssemblersContainer.swift */,
				06196ADE26E60B46009D8026 /* AppCoordinatorContext.swift */,
			);
			path = Entities;
			sourceTree = "<group>";
		};
		3FC724D126ED582E00F1BF0D /* Design */ = {
			isa = PBXGroup;
			children = (
				3FC724D226ED584100F1BF0D /* DSNGradient.swift */,
				3FC724D426ED588800F1BF0D /* DSNColor.swift */,
			);
			path = Design;
			sourceTree = "<group>";
		};
		B3E9D99AB3A0152FA7894233 /* Frameworks */ = {
			isa = PBXGroup;
			children = (
				DA39051AB0783DBF5DDCB607 /* Pods_PartsFinder.framework */,
				CADB8C60135C8DF68B6184A4 /* Pods_PartsFinder_PartsFinderUITests.framework */,
				C7C4510E5933004C1A0BB536 /* Pods_PartsFinderTests.framework */,
			);
			name = Frameworks;
			sourceTree = "<group>";
		};
		DCA56582781063F64966E5A4 /* Pods */ = {
			isa = PBXGroup;
			children = (
				ACA03C51F51991C4F291A141 /* Pods-PartsFinder.debug.xcconfig */,
				9276A06F0652405E9C8439DF /* Pods-PartsFinder.release.xcconfig */,
				8074B73EB565CC9585B4C2D7 /* Pods-PartsFinder-PartsFinderUITests.debug.xcconfig */,
				7410AE2D547C7E36C3AD8DEC /* Pods-PartsFinder-PartsFinderUITests.release.xcconfig */,
				1342FDBD35A9144EE41E3D68 /* Pods-PartsFinderTests.debug.xcconfig */,
				EC6349AD03EE3D4FB09F011F /* Pods-PartsFinderTests.release.xcconfig */,
			);
			path = Pods;
			sourceTree = "<group>";
		};
/* End PBXGroup section */

/* Begin PBXNativeTarget section */
		069C605D26D3AE2400C9ED79 /* PartsFinder */ = {
			isa = PBXNativeTarget;
			buildConfigurationList = 069C608826D3AE2600C9ED79 /* Build configuration list for PBXNativeTarget "PartsFinder" */;
			buildPhases = (
				CE9DDA495FB4CD412B453C99 /* [CP] Check Pods Manifest.lock */,
				069C605A26D3AE2400C9ED79 /* Sources */,
				069C605B26D3AE2400C9ED79 /* Frameworks */,
				069C605C26D3AE2400C9ED79 /* Resources */,
				06E6680326E274B9007CCC02 /* SwiftLint */,
			);
			buildRules = (
			);
			dependencies = (
			);
			name = PartsFinder;
			productName = PartsFinder;
			productReference = 069C605E26D3AE2400C9ED79 /* PartsFinder.app */;
			productType = "com.apple.product-type.application";
		};
		069C607326D3AE2600C9ED79 /* PartsFinderTests */ = {
			isa = PBXNativeTarget;
			buildConfigurationList = 069C608B26D3AE2600C9ED79 /* Build configuration list for PBXNativeTarget "PartsFinderTests" */;
			buildPhases = (
				FEE928C68EC68EBE0B39E03B /* [CP] Check Pods Manifest.lock */,
				069C607026D3AE2600C9ED79 /* Sources */,
				069C607126D3AE2600C9ED79 /* Frameworks */,
				069C607226D3AE2600C9ED79 /* Resources */,
			);
			buildRules = (
			);
			dependencies = (
				069C607626D3AE2600C9ED79 /* PBXTargetDependency */,
			);
			name = PartsFinderTests;
			productName = PartsFinderTests;
			productReference = 069C607426D3AE2600C9ED79 /* PartsFinderTests.xctest */;
			productType = "com.apple.product-type.bundle.unit-test";
		};
		069C607E26D3AE2600C9ED79 /* PartsFinderUITests */ = {
			isa = PBXNativeTarget;
			buildConfigurationList = 069C608E26D3AE2600C9ED79 /* Build configuration list for PBXNativeTarget "PartsFinderUITests" */;
			buildPhases = (
				E98E61DED862AB024D751493 /* [CP] Check Pods Manifest.lock */,
				069C607B26D3AE2600C9ED79 /* Sources */,
				069C607C26D3AE2600C9ED79 /* Frameworks */,
				069C607D26D3AE2600C9ED79 /* Resources */,
			);
			buildRules = (
			);
			dependencies = (
				069C608126D3AE2600C9ED79 /* PBXTargetDependency */,
			);
			name = PartsFinderUITests;
			productName = PartsFinderUITests;
			productReference = 069C607F26D3AE2600C9ED79 /* PartsFinderUITests.xctest */;
			productType = "com.apple.product-type.bundle.ui-testing";
		};
/* End PBXNativeTarget section */

/* Begin PBXProject section */
		069C605626D3AE2400C9ED79 /* Project object */ = {
			isa = PBXProject;
			attributes = {
				LastSwiftUpdateCheck = 1240;
				LastUpgradeCheck = 1240;
				TargetAttributes = {
					069C605D26D3AE2400C9ED79 = {
						CreatedOnToolsVersion = 12.4;
					};
					069C607326D3AE2600C9ED79 = {
						CreatedOnToolsVersion = 12.4;
						TestTargetID = 069C605D26D3AE2400C9ED79;
					};
					069C607E26D3AE2600C9ED79 = {
						CreatedOnToolsVersion = 12.4;
						TestTargetID = 069C605D26D3AE2400C9ED79;
					};
				};
			};
			buildConfigurationList = 069C605926D3AE2400C9ED79 /* Build configuration list for PBXProject "PartsFinder" */;
			compatibilityVersion = "Xcode 9.3";
			developmentRegion = en;
			hasScannedForEncodings = 0;
			knownRegions = (
				en,
				Base,
			);
			mainGroup = 069C605526D3AE2400C9ED79;
			productRefGroup = 069C605F26D3AE2400C9ED79 /* Products */;
			projectDirPath = "";
			projectRoot = "";
			targets = (
				069C605D26D3AE2400C9ED79 /* PartsFinder */,
				069C607326D3AE2600C9ED79 /* PartsFinderTests */,
				069C607E26D3AE2600C9ED79 /* PartsFinderUITests */,
			);
		};
/* End PBXProject section */

/* Begin PBXResourcesBuildPhase section */
		069C605C26D3AE2400C9ED79 /* Resources */ = {
			isa = PBXResourcesBuildPhase;
			buildActionMask = 2147483647;
			files = (
				069C606E26D3AE2600C9ED79 /* LaunchScreen.storyboard in Resources */,
				3F844CE926E4FDE600208FC6 /* nexaBold.otf in Resources */,
				069C606B26D3AE2600C9ED79 /* Assets.xcassets in Resources */,
				3F844CE826E4FDE600208FC6 /* nexaLight.otf in Resources */,
			);
			runOnlyForDeploymentPostprocessing = 0;
		};
		069C607226D3AE2600C9ED79 /* Resources */ = {
			isa = PBXResourcesBuildPhase;
			buildActionMask = 2147483647;
			files = (
			);
			runOnlyForDeploymentPostprocessing = 0;
		};
		069C607D26D3AE2600C9ED79 /* Resources */ = {
			isa = PBXResourcesBuildPhase;
			buildActionMask = 2147483647;
			files = (
			);
			runOnlyForDeploymentPostprocessing = 0;
		};
/* End PBXResourcesBuildPhase section */

/* Begin PBXShellScriptBuildPhase section */
		06E6680326E274B9007CCC02 /* SwiftLint */ = {
			isa = PBXShellScriptBuildPhase;
			buildActionMask = 2147483647;
			files = (
			);
			inputFileListPaths = (
			);
			inputPaths = (
			);
			name = SwiftLint;
			outputFileListPaths = (
			);
			outputPaths = (
			);
			runOnlyForDeploymentPostprocessing = 0;
			shellPath = /bin/sh;
			shellScript = "if which \"${PODS_ROOT}/SwiftLint/swiftlint\" >/dev/null; then\n    ${PODS_ROOT}/SwiftLint/swiftlint --strict\nelse\n    echo \"warning: SwiftLint not installed, download from https://github.com/realm/SwiftLint\"\nfi\n";
		};
		CE9DDA495FB4CD412B453C99 /* [CP] Check Pods Manifest.lock */ = {
			isa = PBXShellScriptBuildPhase;
			buildActionMask = 2147483647;
			files = (
			);
			inputFileListPaths = (
			);
			inputPaths = (
				"${PODS_PODFILE_DIR_PATH}/Podfile.lock",
				"${PODS_ROOT}/Manifest.lock",
			);
			name = "[CP] Check Pods Manifest.lock";
			outputFileListPaths = (
			);
			outputPaths = (
				"$(DERIVED_FILE_DIR)/Pods-PartsFinder-checkManifestLockResult.txt",
			);
			runOnlyForDeploymentPostprocessing = 0;
			shellPath = /bin/sh;
			shellScript = "diff \"${PODS_PODFILE_DIR_PATH}/Podfile.lock\" \"${PODS_ROOT}/Manifest.lock\" > /dev/null\nif [ $? != 0 ] ; then\n    # print error to STDERR\n    echo \"error: The sandbox is not in sync with the Podfile.lock. Run 'pod install' or update your CocoaPods installation.\" >&2\n    exit 1\nfi\n# This output is used by Xcode 'outputs' to avoid re-running this script phase.\necho \"SUCCESS\" > \"${SCRIPT_OUTPUT_FILE_0}\"\n";
			showEnvVarsInLog = 0;
		};
		E98E61DED862AB024D751493 /* [CP] Check Pods Manifest.lock */ = {
			isa = PBXShellScriptBuildPhase;
			buildActionMask = 2147483647;
			files = (
			);
			inputFileListPaths = (
			);
			inputPaths = (
				"${PODS_PODFILE_DIR_PATH}/Podfile.lock",
				"${PODS_ROOT}/Manifest.lock",
			);
			name = "[CP] Check Pods Manifest.lock";
			outputFileListPaths = (
			);
			outputPaths = (
				"$(DERIVED_FILE_DIR)/Pods-PartsFinder-PartsFinderUITests-checkManifestLockResult.txt",
			);
			runOnlyForDeploymentPostprocessing = 0;
			shellPath = /bin/sh;
			shellScript = "diff \"${PODS_PODFILE_DIR_PATH}/Podfile.lock\" \"${PODS_ROOT}/Manifest.lock\" > /dev/null\nif [ $? != 0 ] ; then\n    # print error to STDERR\n    echo \"error: The sandbox is not in sync with the Podfile.lock. Run 'pod install' or update your CocoaPods installation.\" >&2\n    exit 1\nfi\n# This output is used by Xcode 'outputs' to avoid re-running this script phase.\necho \"SUCCESS\" > \"${SCRIPT_OUTPUT_FILE_0}\"\n";
			showEnvVarsInLog = 0;
		};
		FEE928C68EC68EBE0B39E03B /* [CP] Check Pods Manifest.lock */ = {
			isa = PBXShellScriptBuildPhase;
			buildActionMask = 2147483647;
			files = (
			);
			inputFileListPaths = (
			);
			inputPaths = (
				"${PODS_PODFILE_DIR_PATH}/Podfile.lock",
				"${PODS_ROOT}/Manifest.lock",
			);
			name = "[CP] Check Pods Manifest.lock";
			outputFileListPaths = (
			);
			outputPaths = (
				"$(DERIVED_FILE_DIR)/Pods-PartsFinderTests-checkManifestLockResult.txt",
			);
			runOnlyForDeploymentPostprocessing = 0;
			shellPath = /bin/sh;
			shellScript = "diff \"${PODS_PODFILE_DIR_PATH}/Podfile.lock\" \"${PODS_ROOT}/Manifest.lock\" > /dev/null\nif [ $? != 0 ] ; then\n    # print error to STDERR\n    echo \"error: The sandbox is not in sync with the Podfile.lock. Run 'pod install' or update your CocoaPods installation.\" >&2\n    exit 1\nfi\n# This output is used by Xcode 'outputs' to avoid re-running this script phase.\necho \"SUCCESS\" > \"${SCRIPT_OUTPUT_FILE_0}\"\n";
			showEnvVarsInLog = 0;
		};
/* End PBXShellScriptBuildPhase section */

/* Begin PBXSourcesBuildPhase section */
		069C605A26D3AE2400C9ED79 /* Sources */ = {
			isa = PBXSourcesBuildPhase;
			buildActionMask = 2147483647;
			files = (
				06434F2026D4D90A00CAAB7F /* MainSceneDependencyContainer.swift in Sources */,
				06434F0926D4CDAC00CAAB7F /* MainSceneAssembler.swift in Sources */,
				06A4446E26E23F84005052AE /* Double+NSDecimalNumber.swift in Sources */,
				3F844CE026E4F0A100208FC6 /* SplashScreenViewController.swift in Sources */,
				0643CEED26D3B9FB000480BE /* UIView+SafeAnchors.swift in Sources */,
				3FC724D526ED588800F1BF0D /* DSNColor.swift in Sources */,
				3F59B53026E38A6200DE992A /* MainViewController+UITextFieldDelegate.swift in Sources */,
				06434F1126D4CF6800CAAB7F /* SplitResult.swift in Sources */,
				3FC724DB26EDFD3100F1BF0D /* SplashSceneViewContext.swift in Sources */,
				06434F0326D4CD3800CAAB7F /* MainPresenter.swift in Sources */,
				069C606626D3AE2400C9ED79 /* MainViewController.swift in Sources */,
				3F844CFD26E53F0000208FC6 /* AssemblyLogic.swift in Sources */,
				06196ADF26E60B46009D8026 /* AppCoordinatorContext.swift in Sources */,
				3F844CEB26E4FEF100208FC6 /* UIFont+Names.swift in Sources */,
				3F844CFA26E5395300208FC6 /* Coordinator.swift in Sources */,
				3F844D0426E54E9500208FC6 /* AssemblersContainer.swift in Sources */,
				0666C20826E635E10097877A /* ApplicationCoordinatorLogic.swift in Sources */,
				069C606226D3AE2400C9ED79 /* AppDelegate.swift in Sources */,
				3F18818726E75B7900769D38 /* CoordinatorContext.swift in Sources */,
				06434F1B26D4D00200CAAB7F /* NumberSplitter.swift in Sources */,
				0666C21126E640AB0097877A /* SplashSceneInteractor.swift in Sources */,
				0643CF7F26D3EBEC000480BE /* MainInteractor.swift in Sources */,
				069C606426D3AE2400C9ED79 /* SceneDelegate.swift in Sources */,
				3FC724D326ED584100F1BF0D /* DSNGradient.swift in Sources */,
				3F844CF326E52ED500208FC6 /* SplashSceneAssembler.swift in Sources */,
			);
			runOnlyForDeploymentPostprocessing = 0;
		};
		069C607026D3AE2600C9ED79 /* Sources */ = {
			isa = PBXSourcesBuildPhase;
			buildActionMask = 2147483647;
			files = (
				069C607926D3AE2600C9ED79 /* PartsFinderTests.swift in Sources */,
			);
			runOnlyForDeploymentPostprocessing = 0;
		};
		069C607B26D3AE2600C9ED79 /* Sources */ = {
			isa = PBXSourcesBuildPhase;
			buildActionMask = 2147483647;
			files = (
				069C608426D3AE2600C9ED79 /* PartsFinderUITests.swift in Sources */,
			);
			runOnlyForDeploymentPostprocessing = 0;
		};
/* End PBXSourcesBuildPhase section */

/* Begin PBXTargetDependency section */
		069C607626D3AE2600C9ED79 /* PBXTargetDependency */ = {
			isa = PBXTargetDependency;
			target = 069C605D26D3AE2400C9ED79 /* PartsFinder */;
			targetProxy = 069C607526D3AE2600C9ED79 /* PBXContainerItemProxy */;
		};
		069C608126D3AE2600C9ED79 /* PBXTargetDependency */ = {
			isa = PBXTargetDependency;
			target = 069C605D26D3AE2400C9ED79 /* PartsFinder */;
			targetProxy = 069C608026D3AE2600C9ED79 /* PBXContainerItemProxy */;
		};
/* End PBXTargetDependency section */

/* Begin PBXVariantGroup section */
		069C606C26D3AE2600C9ED79 /* LaunchScreen.storyboard */ = {
			isa = PBXVariantGroup;
			children = (
				069C606D26D3AE2600C9ED79 /* Base */,
			);
			name = LaunchScreen.storyboard;
			sourceTree = "<group>";
		};
/* End PBXVariantGroup section */

/* Begin XCBuildConfiguration section */
		069C608626D3AE2600C9ED79 /* Debug */ = {
			isa = XCBuildConfiguration;
			buildSettings = {
				ALWAYS_SEARCH_USER_PATHS = NO;
				CLANG_ANALYZER_NONNULL = YES;
				CLANG_ANALYZER_NUMBER_OBJECT_CONVERSION = YES_AGGRESSIVE;
				CLANG_CXX_LANGUAGE_STANDARD = "gnu++14";
				CLANG_CXX_LIBRARY = "libc++";
				CLANG_ENABLE_MODULES = YES;
				CLANG_ENABLE_OBJC_ARC = YES;
				CLANG_ENABLE_OBJC_WEAK = YES;
				CLANG_WARN_BLOCK_CAPTURE_AUTORELEASING = YES;
				CLANG_WARN_BOOL_CONVERSION = YES;
				CLANG_WARN_COMMA = YES;
				CLANG_WARN_CONSTANT_CONVERSION = YES;
				CLANG_WARN_DEPRECATED_OBJC_IMPLEMENTATIONS = YES;
				CLANG_WARN_DIRECT_OBJC_ISA_USAGE = YES_ERROR;
				CLANG_WARN_DOCUMENTATION_COMMENTS = YES;
				CLANG_WARN_EMPTY_BODY = YES;
				CLANG_WARN_ENUM_CONVERSION = YES;
				CLANG_WARN_INFINITE_RECURSION = YES;
				CLANG_WARN_INT_CONVERSION = YES;
				CLANG_WARN_NON_LITERAL_NULL_CONVERSION = YES;
				CLANG_WARN_OBJC_IMPLICIT_RETAIN_SELF = YES;
				CLANG_WARN_OBJC_LITERAL_CONVERSION = YES;
				CLANG_WARN_OBJC_ROOT_CLASS = YES_ERROR;
				CLANG_WARN_QUOTED_INCLUDE_IN_FRAMEWORK_HEADER = YES;
				CLANG_WARN_RANGE_LOOP_ANALYSIS = YES;
				CLANG_WARN_STRICT_PROTOTYPES = YES;
				CLANG_WARN_SUSPICIOUS_MOVE = YES;
				CLANG_WARN_UNGUARDED_AVAILABILITY = YES_AGGRESSIVE;
				CLANG_WARN_UNREACHABLE_CODE = YES;
				CLANG_WARN__DUPLICATE_METHOD_MATCH = YES;
				COPY_PHASE_STRIP = NO;
				DEBUG_INFORMATION_FORMAT = dwarf;
				ENABLE_STRICT_OBJC_MSGSEND = YES;
				ENABLE_TESTABILITY = YES;
				GCC_C_LANGUAGE_STANDARD = gnu11;
				GCC_DYNAMIC_NO_PIC = NO;
				GCC_NO_COMMON_BLOCKS = YES;
				GCC_OPTIMIZATION_LEVEL = 0;
				GCC_PREPROCESSOR_DEFINITIONS = (
					"DEBUG=1",
					"$(inherited)",
				);
				GCC_WARN_64_TO_32_BIT_CONVERSION = YES;
				GCC_WARN_ABOUT_RETURN_TYPE = YES_ERROR;
				GCC_WARN_UNDECLARED_SELECTOR = YES;
				GCC_WARN_UNINITIALIZED_AUTOS = YES_AGGRESSIVE;
				GCC_WARN_UNUSED_FUNCTION = YES;
				GCC_WARN_UNUSED_VARIABLE = YES;
				IPHONEOS_DEPLOYMENT_TARGET = 14.4;
				MTL_ENABLE_DEBUG_INFO = INCLUDE_SOURCE;
				MTL_FAST_MATH = YES;
				ONLY_ACTIVE_ARCH = YES;
				SDKROOT = iphoneos;
				SWIFT_ACTIVE_COMPILATION_CONDITIONS = DEBUG;
				SWIFT_OPTIMIZATION_LEVEL = "-Onone";
			};
			name = Debug;
		};
		069C608726D3AE2600C9ED79 /* Release */ = {
			isa = XCBuildConfiguration;
			buildSettings = {
				ALWAYS_SEARCH_USER_PATHS = NO;
				CLANG_ANALYZER_NONNULL = YES;
				CLANG_ANALYZER_NUMBER_OBJECT_CONVERSION = YES_AGGRESSIVE;
				CLANG_CXX_LANGUAGE_STANDARD = "gnu++14";
				CLANG_CXX_LIBRARY = "libc++";
				CLANG_ENABLE_MODULES = YES;
				CLANG_ENABLE_OBJC_ARC = YES;
				CLANG_ENABLE_OBJC_WEAK = YES;
				CLANG_WARN_BLOCK_CAPTURE_AUTORELEASING = YES;
				CLANG_WARN_BOOL_CONVERSION = YES;
				CLANG_WARN_COMMA = YES;
				CLANG_WARN_CONSTANT_CONVERSION = YES;
				CLANG_WARN_DEPRECATED_OBJC_IMPLEMENTATIONS = YES;
				CLANG_WARN_DIRECT_OBJC_ISA_USAGE = YES_ERROR;
				CLANG_WARN_DOCUMENTATION_COMMENTS = YES;
				CLANG_WARN_EMPTY_BODY = YES;
				CLANG_WARN_ENUM_CONVERSION = YES;
				CLANG_WARN_INFINITE_RECURSION = YES;
				CLANG_WARN_INT_CONVERSION = YES;
				CLANG_WARN_NON_LITERAL_NULL_CONVERSION = YES;
				CLANG_WARN_OBJC_IMPLICIT_RETAIN_SELF = YES;
				CLANG_WARN_OBJC_LITERAL_CONVERSION = YES;
				CLANG_WARN_OBJC_ROOT_CLASS = YES_ERROR;
				CLANG_WARN_QUOTED_INCLUDE_IN_FRAMEWORK_HEADER = YES;
				CLANG_WARN_RANGE_LOOP_ANALYSIS = YES;
				CLANG_WARN_STRICT_PROTOTYPES = YES;
				CLANG_WARN_SUSPICIOUS_MOVE = YES;
				CLANG_WARN_UNGUARDED_AVAILABILITY = YES_AGGRESSIVE;
				CLANG_WARN_UNREACHABLE_CODE = YES;
				CLANG_WARN__DUPLICATE_METHOD_MATCH = YES;
				COPY_PHASE_STRIP = NO;
				DEBUG_INFORMATION_FORMAT = "dwarf-with-dsym";
				ENABLE_NS_ASSERTIONS = NO;
				ENABLE_STRICT_OBJC_MSGSEND = YES;
				GCC_C_LANGUAGE_STANDARD = gnu11;
				GCC_NO_COMMON_BLOCKS = YES;
				GCC_WARN_64_TO_32_BIT_CONVERSION = YES;
				GCC_WARN_ABOUT_RETURN_TYPE = YES_ERROR;
				GCC_WARN_UNDECLARED_SELECTOR = YES;
				GCC_WARN_UNINITIALIZED_AUTOS = YES_AGGRESSIVE;
				GCC_WARN_UNUSED_FUNCTION = YES;
				GCC_WARN_UNUSED_VARIABLE = YES;
				IPHONEOS_DEPLOYMENT_TARGET = 14.4;
				MTL_ENABLE_DEBUG_INFO = NO;
				MTL_FAST_MATH = YES;
				SDKROOT = iphoneos;
				SWIFT_COMPILATION_MODE = wholemodule;
				SWIFT_OPTIMIZATION_LEVEL = "-O";
				VALIDATE_PRODUCT = YES;
			};
			name = Release;
		};
		069C608926D3AE2600C9ED79 /* Debug */ = {
			isa = XCBuildConfiguration;
			baseConfigurationReference = ACA03C51F51991C4F291A141 /* Pods-PartsFinder.debug.xcconfig */;
			buildSettings = {
				ASSETCATALOG_COMPILER_APPICON_NAME = AppIcon;
				ASSETCATALOG_COMPILER_GLOBAL_ACCENT_COLOR_NAME = AccentColor;
				CODE_SIGN_STYLE = Automatic;
				DEVELOPMENT_TEAM = FH9R39U9P3;
				GCC_TREAT_IMPLICIT_FUNCTION_DECLARATIONS_AS_ERRORS = YES;
				GCC_TREAT_INCOMPATIBLE_POINTER_TYPE_WARNINGS_AS_ERRORS = YES;
				GCC_TREAT_WARNINGS_AS_ERRORS = YES;
				INFOPLIST_FILE = PartsFinder/Resources/Info.plist;
				LD_RUNPATH_SEARCH_PATHS = (
					"$(inherited)",
					"@executable_path/Frameworks",
				);
				LINKER_DISPLAYS_MANGLED_NAMES = NO;
				PRODUCT_BUNDLE_IDENTIFIER = "com.wcgbinternal.partsfinder-inhouse";
				PRODUCT_NAME = "$(TARGET_NAME)";
				SWIFT_TREAT_WARNINGS_AS_ERRORS = YES;
				SWIFT_VERSION = 5.0;
				TARGETED_DEVICE_FAMILY = 1;
				TREAT_MISSING_BASELINES_AS_TEST_FAILURES = YES;
			};
			name = Debug;
		};
		069C608A26D3AE2600C9ED79 /* Release */ = {
			isa = XCBuildConfiguration;
			baseConfigurationReference = 9276A06F0652405E9C8439DF /* Pods-PartsFinder.release.xcconfig */;
			buildSettings = {
				ASSETCATALOG_COMPILER_APPICON_NAME = AppIcon;
				ASSETCATALOG_COMPILER_GLOBAL_ACCENT_COLOR_NAME = AccentColor;
				CODE_SIGN_STYLE = Automatic;
				DEVELOPMENT_TEAM = FH9R39U9P3;
				GCC_TREAT_IMPLICIT_FUNCTION_DECLARATIONS_AS_ERRORS = YES;
				GCC_TREAT_INCOMPATIBLE_POINTER_TYPE_WARNINGS_AS_ERRORS = YES;
				GCC_TREAT_WARNINGS_AS_ERRORS = YES;
				INFOPLIST_FILE = PartsFinder/Resources/Info.plist;
				LD_RUNPATH_SEARCH_PATHS = (
					"$(inherited)",
					"@executable_path/Frameworks",
				);
				LINKER_DISPLAYS_MANGLED_NAMES = NO;
				PRODUCT_BUNDLE_IDENTIFIER = "com.wcgbinternal.partsfinder-inhouse";
				PRODUCT_NAME = "$(TARGET_NAME)";
				SWIFT_TREAT_WARNINGS_AS_ERRORS = YES;
				SWIFT_VERSION = 5.0;
				TARGETED_DEVICE_FAMILY = 1;
				TREAT_MISSING_BASELINES_AS_TEST_FAILURES = YES;
			};
			name = Release;
		};
		069C608C26D3AE2600C9ED79 /* Debug */ = {
			isa = XCBuildConfiguration;
			baseConfigurationReference = 1342FDBD35A9144EE41E3D68 /* Pods-PartsFinderTests.debug.xcconfig */;
			buildSettings = {
				ALWAYS_EMBED_SWIFT_STANDARD_LIBRARIES = YES;
				BUNDLE_LOADER = "$(TEST_HOST)";
				CODE_SIGN_STYLE = Automatic;
				INFOPLIST_FILE = PartsFinderTests/Info.plist;
				IPHONEOS_DEPLOYMENT_TARGET = 14.4;
				LD_RUNPATH_SEARCH_PATHS = (
					"$(inherited)",
					"@executable_path/Frameworks",
					"@loader_path/Frameworks",
				);
				PRODUCT_BUNDLE_IDENTIFIER = com.wcgbinternal.PartsFinderTests;
				PRODUCT_NAME = "$(TARGET_NAME)";
				SWIFT_VERSION = 5.0;
				TARGETED_DEVICE_FAMILY = "1,2";
				TEST_HOST = "$(BUILT_PRODUCTS_DIR)/PartsFinder.app/PartsFinder";
			};
			name = Debug;
		};
		069C608D26D3AE2600C9ED79 /* Release */ = {
			isa = XCBuildConfiguration;
			baseConfigurationReference = EC6349AD03EE3D4FB09F011F /* Pods-PartsFinderTests.release.xcconfig */;
			buildSettings = {
				ALWAYS_EMBED_SWIFT_STANDARD_LIBRARIES = YES;
				BUNDLE_LOADER = "$(TEST_HOST)";
				CODE_SIGN_STYLE = Automatic;
				INFOPLIST_FILE = PartsFinderTests/Info.plist;
				IPHONEOS_DEPLOYMENT_TARGET = 14.4;
				LD_RUNPATH_SEARCH_PATHS = (
					"$(inherited)",
					"@executable_path/Frameworks",
					"@loader_path/Frameworks",
				);
				PRODUCT_BUNDLE_IDENTIFIER = com.wcgbinternal.PartsFinderTests;
				PRODUCT_NAME = "$(TARGET_NAME)";
				SWIFT_VERSION = 5.0;
				TARGETED_DEVICE_FAMILY = "1,2";
				TEST_HOST = "$(BUILT_PRODUCTS_DIR)/PartsFinder.app/PartsFinder";
			};
			name = Release;
		};
		069C608F26D3AE2600C9ED79 /* Debug */ = {
			isa = XCBuildConfiguration;
			baseConfigurationReference = 8074B73EB565CC9585B4C2D7 /* Pods-PartsFinder-PartsFinderUITests.debug.xcconfig */;
			buildSettings = {
				ALWAYS_EMBED_SWIFT_STANDARD_LIBRARIES = YES;
				CODE_SIGN_STYLE = Automatic;
				INFOPLIST_FILE = PartsFinderUITests/Info.plist;
				LD_RUNPATH_SEARCH_PATHS = (
					"$(inherited)",
					"@executable_path/Frameworks",
					"@loader_path/Frameworks",
				);
				PRODUCT_BUNDLE_IDENTIFIER = com.wcgbinternal.PartsFinderUITests;
				PRODUCT_NAME = "$(TARGET_NAME)";
				SWIFT_VERSION = 5.0;
				TARGETED_DEVICE_FAMILY = "1,2";
				TEST_TARGET_NAME = PartsFinder;
			};
			name = Debug;
		};
		069C609026D3AE2600C9ED79 /* Release */ = {
			isa = XCBuildConfiguration;
			baseConfigurationReference = 7410AE2D547C7E36C3AD8DEC /* Pods-PartsFinder-PartsFinderUITests.release.xcconfig */;
			buildSettings = {
				ALWAYS_EMBED_SWIFT_STANDARD_LIBRARIES = YES;
				CODE_SIGN_STYLE = Automatic;
				INFOPLIST_FILE = PartsFinderUITests/Info.plist;
				LD_RUNPATH_SEARCH_PATHS = (
					"$(inherited)",
					"@executable_path/Frameworks",
					"@loader_path/Frameworks",
				);
				PRODUCT_BUNDLE_IDENTIFIER = com.wcgbinternal.PartsFinderUITests;
				PRODUCT_NAME = "$(TARGET_NAME)";
				SWIFT_VERSION = 5.0;
				TARGETED_DEVICE_FAMILY = "1,2";
				TEST_TARGET_NAME = PartsFinder;
			};
			name = Release;
		};
/* End XCBuildConfiguration section */

/* Begin XCConfigurationList section */
		069C605926D3AE2400C9ED79 /* Build configuration list for PBXProject "PartsFinder" */ = {
			isa = XCConfigurationList;
			buildConfigurations = (
				069C608626D3AE2600C9ED79 /* Debug */,
				069C608726D3AE2600C9ED79 /* Release */,
			);
			defaultConfigurationIsVisible = 0;
			defaultConfigurationName = Release;
		};
		069C608826D3AE2600C9ED79 /* Build configuration list for PBXNativeTarget "PartsFinder" */ = {
			isa = XCConfigurationList;
			buildConfigurations = (
				069C608926D3AE2600C9ED79 /* Debug */,
				069C608A26D3AE2600C9ED79 /* Release */,
			);
			defaultConfigurationIsVisible = 0;
			defaultConfigurationName = Release;
		};
		069C608B26D3AE2600C9ED79 /* Build configuration list for PBXNativeTarget "PartsFinderTests" */ = {
			isa = XCConfigurationList;
			buildConfigurations = (
				069C608C26D3AE2600C9ED79 /* Debug */,
				069C608D26D3AE2600C9ED79 /* Release */,
			);
			defaultConfigurationIsVisible = 0;
			defaultConfigurationName = Release;
		};
		069C608E26D3AE2600C9ED79 /* Build configuration list for PBXNativeTarget "PartsFinderUITests" */ = {
			isa = XCConfigurationList;
			buildConfigurations = (
				069C608F26D3AE2600C9ED79 /* Debug */,
				069C609026D3AE2600C9ED79 /* Release */,
			);
			defaultConfigurationIsVisible = 0;
			defaultConfigurationName = Release;
		};
/* End XCConfigurationList section */
	};
	rootObject = 069C605626D3AE2400C9ED79 /* Project object */;
}
