// !$*UTF8*$!
{
	archiveVersion = 1;
	classes = {
	};
	objectVersion = 52;
	objects = {

/* Begin PBXBuildFile section */
		06434F0326D4CD3800CAAB7F /* MainPresenter.swift in Sources */ = {isa = PBXBuildFile; fileRef = 06434F0226D4CD3800CAAB7F /* MainPresenter.swift */; };
		06434F0926D4CDAC00CAAB7F /* MainSceneAssembler.swift in Sources */ = {isa = PBXBuildFile; fileRef = 06434F0826D4CDAC00CAAB7F /* MainSceneAssembler.swift */; };
		06434F1126D4CF6800CAAB7F /* SplitResultEntity.swift in Sources */ = {isa = PBXBuildFile; fileRef = 06434F1026D4CF6800CAAB7F /* SplitResultEntity.swift */; };
		06434F1B26D4D00200CAAB7F /* NumbersWorker.swift in Sources */ = {isa = PBXBuildFile; fileRef = 06434F1A26D4D00200CAAB7F /* NumbersWorker.swift */; };
		06434F2026D4D90A00CAAB7F /* MainSceneDependencyContainer.swift in Sources */ = {isa = PBXBuildFile; fileRef = 06434F1F26D4D90A00CAAB7F /* MainSceneDependencyContainer.swift */; };
		0643CEED26D3B9FB000480BE /* UIView+SafeAnchors.swift in Sources */ = {isa = PBXBuildFile; fileRef = 0643CEEC26D3B9FB000480BE /* UIView+SafeAnchors.swift */; };
		0643CF7F26D3EBEC000480BE /* MainInteractor.swift in Sources */ = {isa = PBXBuildFile; fileRef = 0643CF7E26D3EBEC000480BE /* MainInteractor.swift */; };
		069C606226D3AE2400C9ED79 /* AppDelegate.swift in Sources */ = {isa = PBXBuildFile; fileRef = 069C606126D3AE2400C9ED79 /* AppDelegate.swift */; };
		069C606426D3AE2400C9ED79 /* SceneDelegate.swift in Sources */ = {isa = PBXBuildFile; fileRef = 069C606326D3AE2400C9ED79 /* SceneDelegate.swift */; };
		069C606626D3AE2400C9ED79 /* MainViewController.swift in Sources */ = {isa = PBXBuildFile; fileRef = 069C606526D3AE2400C9ED79 /* MainViewController.swift */; };
		069C606B26D3AE2600C9ED79 /* Assets.xcassets in Resources */ = {isa = PBXBuildFile; fileRef = 069C606A26D3AE2600C9ED79 /* Assets.xcassets */; };
		069C606E26D3AE2600C9ED79 /* LaunchScreen.storyboard in Resources */ = {isa = PBXBuildFile; fileRef = 069C606C26D3AE2600C9ED79 /* LaunchScreen.storyboard */; };
		069C607926D3AE2600C9ED79 /* PartsFinderTests.swift in Sources */ = {isa = PBXBuildFile; fileRef = 069C607826D3AE2600C9ED79 /* PartsFinderTests.swift */; };
		069C608426D3AE2600C9ED79 /* PartsFinderUITests.swift in Sources */ = {isa = PBXBuildFile; fileRef = 069C608326D3AE2600C9ED79 /* PartsFinderUITests.swift */; };
		06F3381A26DCD91600DADBB6 /* SwiftLintFramework in Frameworks */ = {isa = PBXBuildFile; productRef = 06F3381926DCD91600DADBB6 /* SwiftLintFramework */; };
/* End PBXBuildFile section */

/* Begin PBXContainerItemProxy section */
		069C607526D3AE2600C9ED79 /* PBXContainerItemProxy */ = {
			isa = PBXContainerItemProxy;
			containerPortal = 069C605626D3AE2400C9ED79 /* Project object */;
			proxyType = 1;
			remoteGlobalIDString = 069C605D26D3AE2400C9ED79;
			remoteInfo = PartsFinder;
		};
		069C608026D3AE2600C9ED79 /* PBXContainerItemProxy */ = {
			isa = PBXContainerItemProxy;
			containerPortal = 069C605626D3AE2400C9ED79 /* Project object */;
			proxyType = 1;
			remoteGlobalIDString = 069C605D26D3AE2400C9ED79;
			remoteInfo = PartsFinder;
		};
/* End PBXContainerItemProxy section */

/* Begin PBXFileReference section */
		06434F0226D4CD3800CAAB7F /* MainPresenter.swift */ = {isa = PBXFileReference; lastKnownFileType = sourcecode.swift; path = MainPresenter.swift; sourceTree = "<group>"; };
		06434F0826D4CDAC00CAAB7F /* MainSceneAssembler.swift */ = {isa = PBXFileReference; lastKnownFileType = sourcecode.swift; path = MainSceneAssembler.swift; sourceTree = "<group>"; };
		06434F1026D4CF6800CAAB7F /* SplitResultEntity.swift */ = {isa = PBXFileReference; lastKnownFileType = sourcecode.swift; path = SplitResultEntity.swift; sourceTree = "<group>"; };
		06434F1A26D4D00200CAAB7F /* NumbersWorker.swift */ = {isa = PBXFileReference; lastKnownFileType = sourcecode.swift; path = NumbersWorker.swift; sourceTree = "<group>"; };
		06434F1F26D4D90A00CAAB7F /* MainSceneDependencyContainer.swift */ = {isa = PBXFileReference; lastKnownFileType = sourcecode.swift; path = MainSceneDependencyContainer.swift; sourceTree = "<group>"; };
		0643CEEC26D3B9FB000480BE /* UIView+SafeAnchors.swift */ = {isa = PBXFileReference; lastKnownFileType = sourcecode.swift; path = "UIView+SafeAnchors.swift"; sourceTree = "<group>"; };
		0643CF7E26D3EBEC000480BE /* MainInteractor.swift */ = {isa = PBXFileReference; lastKnownFileType = sourcecode.swift; path = MainInteractor.swift; sourceTree = "<group>"; };
		069C605E26D3AE2400C9ED79 /* PartsFinder.app */ = {isa = PBXFileReference; explicitFileType = wrapper.application; includeInIndex = 0; path = PartsFinder.app; sourceTree = BUILT_PRODUCTS_DIR; };
		069C606126D3AE2400C9ED79 /* AppDelegate.swift */ = {isa = PBXFileReference; lastKnownFileType = sourcecode.swift; path = AppDelegate.swift; sourceTree = "<group>"; };
		069C606326D3AE2400C9ED79 /* SceneDelegate.swift */ = {isa = PBXFileReference; lastKnownFileType = sourcecode.swift; path = SceneDelegate.swift; sourceTree = "<group>"; };
		069C606526D3AE2400C9ED79 /* MainViewController.swift */ = {isa = PBXFileReference; lastKnownFileType = sourcecode.swift; path = MainViewController.swift; sourceTree = "<group>"; };
		069C606A26D3AE2600C9ED79 /* Assets.xcassets */ = {isa = PBXFileReference; lastKnownFileType = folder.assetcatalog; path = Assets.xcassets; sourceTree = "<group>"; };
		069C606D26D3AE2600C9ED79 /* Base */ = {isa = PBXFileReference; lastKnownFileType = file.storyboard; name = Base; path = Base.lproj/LaunchScreen.storyboard; sourceTree = "<group>"; };
		069C606F26D3AE2600C9ED79 /* Info.plist */ = {isa = PBXFileReference; lastKnownFileType = text.plist.xml; path = Info.plist; sourceTree = "<group>"; };
		069C607426D3AE2600C9ED79 /* PartsFinderTests.xctest */ = {isa = PBXFileReference; explicitFileType = wrapper.cfbundle; includeInIndex = 0; path = PartsFinderTests.xctest; sourceTree = BUILT_PRODUCTS_DIR; };
		069C607826D3AE2600C9ED79 /* PartsFinderTests.swift */ = {isa = PBXFileReference; lastKnownFileType = sourcecode.swift; path = PartsFinderTests.swift; sourceTree = "<group>"; };
		069C607A26D3AE2600C9ED79 /* Info.plist */ = {isa = PBXFileReference; lastKnownFileType = text.plist.xml; path = Info.plist; sourceTree = "<group>"; };
		069C607F26D3AE2600C9ED79 /* PartsFinderUITests.xctest */ = {isa = PBXFileReference; explicitFileType = wrapper.cfbundle; includeInIndex = 0; path = PartsFinderUITests.xctest; sourceTree = BUILT_PRODUCTS_DIR; };
		069C608326D3AE2600C9ED79 /* PartsFinderUITests.swift */ = {isa = PBXFileReference; lastKnownFileType = sourcecode.swift; path = PartsFinderUITests.swift; sourceTree = "<group>"; };
		069C608526D3AE2600C9ED79 /* Info.plist */ = {isa = PBXFileReference; lastKnownFileType = text.plist.xml; path = Info.plist; sourceTree = "<group>"; };
/* End PBXFileReference section */

/* Begin PBXFrameworksBuildPhase section */
		069C605B26D3AE2400C9ED79 /* Frameworks */ = {
			isa = PBXFrameworksBuildPhase;
			buildActionMask = 2147483647;
			files = (
				06F3381A26DCD91600DADBB6 /* SwiftLintFramework in Frameworks */,
			);
			runOnlyForDeploymentPostprocessing = 0;
		};
		069C607126D3AE2600C9ED79 /* Frameworks */ = {
			isa = PBXFrameworksBuildPhase;
			buildActionMask = 2147483647;
			files = (
			);
			runOnlyForDeploymentPostprocessing = 0;
		};
		069C607C26D3AE2600C9ED79 /* Frameworks */ = {
			isa = PBXFrameworksBuildPhase;
			buildActionMask = 2147483647;
			files = (
			);
			runOnlyForDeploymentPostprocessing = 0;
		};
/* End PBXFrameworksBuildPhase section */

/* Begin PBXGroup section */
		06434F1526D4CF9300CAAB7F /* Entities */ = {
			isa = PBXGroup;
			children = (
				06434F1026D4CF6800CAAB7F /* SplitResultEntity.swift */,
				06434F1F26D4D90A00CAAB7F /* MainSceneDependencyContainer.swift */,
			);
			path = Entities;
			sourceTree = "<group>";
		};
		06434F1926D4CFF700CAAB7F /* Workers */ = {
			isa = PBXGroup;
			children = (
				06434F1A26D4D00200CAAB7F /* NumbersWorker.swift */,
			);
			path = Workers;
			sourceTree = "<group>";
		};
		0643CEDE26D3B970000480BE /* Resources */ = {
			isa = PBXGroup;
			children = (
				069C606A26D3AE2600C9ED79 /* Assets.xcassets */,
				069C606C26D3AE2600C9ED79 /* LaunchScreen.storyboard */,
				069C606F26D3AE2600C9ED79 /* Info.plist */,
			);
			path = Resources;
			sourceTree = "<group>";
		};
		0643CEDF26D3B97C000480BE /* Common */ = {
			isa = PBXGroup;
			children = (
				069C606126D3AE2400C9ED79 /* AppDelegate.swift */,
				069C606326D3AE2400C9ED79 /* SceneDelegate.swift */,
			);
			path = Common;
			sourceTree = "<group>";
		};
		0643CEE326D3B985000480BE /* MainScene */ = {
			isa = PBXGroup;
			children = (
				06434F0826D4CDAC00CAAB7F /* MainSceneAssembler.swift */,
				0643CF7626D3E9BF000480BE /* View */,
				0643CF7526D3E9B3000480BE /* Interactor */,
				0643CF7726D3E9CA000480BE /* Presetner */,
				06434F1526D4CF9300CAAB7F /* Entities */,
			);
			path = MainScene;
			sourceTree = "<group>";
		};
		0643CEEA26D3B9DF000480BE /* Library */ = {
			isa = PBXGroup;
			children = (
				06434F1926D4CFF700CAAB7F /* Workers */,
				0643CEEB26D3B9EC000480BE /* Extensions */,
			);
			path = Library;
			sourceTree = "<group>";
		};
		0643CEEB26D3B9EC000480BE /* Extensions */ = {
			isa = PBXGroup;
			children = (
				0643CEEC26D3B9FB000480BE /* UIView+SafeAnchors.swift */,
			);
			path = Extensions;
			sourceTree = "<group>";
		};
		0643CF7526D3E9B3000480BE /* Interactor */ = {
			isa = PBXGroup;
			children = (
				0643CF7E26D3EBEC000480BE /* MainInteractor.swift */,
			);
			path = Interactor;
			sourceTree = "<group>";
		};
		0643CF7626D3E9BF000480BE /* View */ = {
			isa = PBXGroup;
			children = (
				069C606526D3AE2400C9ED79 /* MainViewController.swift */,
			);
			path = View;
			sourceTree = "<group>";
		};
		0643CF7726D3E9CA000480BE /* Presetner */ = {
			isa = PBXGroup;
			children = (
				06434F0226D4CD3800CAAB7F /* MainPresenter.swift */,
			);
			path = Presetner;
			sourceTree = "<group>";
		};
		069C605526D3AE2400C9ED79 = {
			isa = PBXGroup;
			children = (
				069C606026D3AE2400C9ED79 /* PartsFinder */,
				069C607726D3AE2600C9ED79 /* PartsFinderTests */,
				069C608226D3AE2600C9ED79 /* PartsFinderUITests */,
				069C605F26D3AE2400C9ED79 /* Products */,
			);
			sourceTree = "<group>";
		};
		069C605F26D3AE2400C9ED79 /* Products */ = {
			isa = PBXGroup;
			children = (
				069C605E26D3AE2400C9ED79 /* PartsFinder.app */,
				069C607426D3AE2600C9ED79 /* PartsFinderTests.xctest */,
				069C607F26D3AE2600C9ED79 /* PartsFinderUITests.xctest */,
			);
			name = Products;
			sourceTree = "<group>";
		};
		069C606026D3AE2400C9ED79 /* PartsFinder */ = {
			isa = PBXGroup;
			children = (
				0643CEDF26D3B97C000480BE /* Common */,
				0643CEEA26D3B9DF000480BE /* Library */,
				0643CEE326D3B985000480BE /* MainScene */,
				0643CEDE26D3B970000480BE /* Resources */,
			);
			path = PartsFinder;
			sourceTree = "<group>";
		};
		069C607726D3AE2600C9ED79 /* PartsFinderTests */ = {
			isa = PBXGroup;
			children = (
				069C607826D3AE2600C9ED79 /* PartsFinderTests.swift */,
				069C607A26D3AE2600C9ED79 /* Info.plist */,
			);
			path = PartsFinderTests;
			sourceTree = "<group>";
		};
		069C608226D3AE2600C9ED79 /* PartsFinderUITests */ = {
			isa = PBXGroup;
			children = (
				069C608326D3AE2600C9ED79 /* PartsFinderUITests.swift */,
				069C608526D3AE2600C9ED79 /* Info.plist */,
			);
			path = PartsFinderUITests;
			sourceTree = "<group>";
		};
/* End PBXGroup section */

/* Begin PBXNativeTarget section */
		069C605D26D3AE2400C9ED79 /* PartsFinder */ = {
			isa = PBXNativeTarget;
			buildConfigurationList = 069C608826D3AE2600C9ED79 /* Build configuration list for PBXNativeTarget "PartsFinder" */;
			buildPhases = (
				069C605A26D3AE2400C9ED79 /* Sources */,
				069C605B26D3AE2400C9ED79 /* Frameworks */,
				069C605C26D3AE2400C9ED79 /* Resources */,
			);
			buildRules = (
			);
			dependencies = (
			);
			name = PartsFinder;
			packageProductDependencies = (
				06F3381926DCD91600DADBB6 /* SwiftLintFramework */,
			);
			productName = PartsFinder;
			productReference = 069C605E26D3AE2400C9ED79 /* PartsFinder.app */;
			productType = "com.apple.product-type.application";
		};
		069C607326D3AE2600C9ED79 /* PartsFinderTests */ = {
			isa = PBXNativeTarget;
			buildConfigurationList = 069C608B26D3AE2600C9ED79 /* Build configuration list for PBXNativeTarget "PartsFinderTests" */;
			buildPhases = (
				069C607026D3AE2600C9ED79 /* Sources */,
				069C607126D3AE2600C9ED79 /* Frameworks */,
				069C607226D3AE2600C9ED79 /* Resources */,
			);
			buildRules = (
			);
			dependencies = (
				069C607626D3AE2600C9ED79 /* PBXTargetDependency */,
			);
			name = PartsFinderTests;
			productName = PartsFinderTests;
			productReference = 069C607426D3AE2600C9ED79 /* PartsFinderTests.xctest */;
			productType = "com.apple.product-type.bundle.unit-test";
		};
		069C607E26D3AE2600C9ED79 /* PartsFinderUITests */ = {
			isa = PBXNativeTarget;
			buildConfigurationList = 069C608E26D3AE2600C9ED79 /* Build configuration list for PBXNativeTarget "PartsFinderUITests" */;
			buildPhases = (
				069C607B26D3AE2600C9ED79 /* Sources */,
				069C607C26D3AE2600C9ED79 /* Frameworks */,
				069C607D26D3AE2600C9ED79 /* Resources */,
			);
			buildRules = (
			);
			dependencies = (
				069C608126D3AE2600C9ED79 /* PBXTargetDependency */,
			);
			name = PartsFinderUITests;
			productName = PartsFinderUITests;
			productReference = 069C607F26D3AE2600C9ED79 /* PartsFinderUITests.xctest */;
			productType = "com.apple.product-type.bundle.ui-testing";
		};
/* End PBXNativeTarget section */

/* Begin PBXProject section */
		069C605626D3AE2400C9ED79 /* Project object */ = {
			isa = PBXProject;
			attributes = {
				LastSwiftUpdateCheck = 1240;
				LastUpgradeCheck = 1240;
				TargetAttributes = {
					069C605D26D3AE2400C9ED79 = {
						CreatedOnToolsVersion = 12.4;
					};
					069C607326D3AE2600C9ED79 = {
						CreatedOnToolsVersion = 12.4;
						TestTargetID = 069C605D26D3AE2400C9ED79;
					};
					069C607E26D3AE2600C9ED79 = {
						CreatedOnToolsVersion = 12.4;
						TestTargetID = 069C605D26D3AE2400C9ED79;
					};
				};
			};
			buildConfigurationList = 069C605926D3AE2400C9ED79 /* Build configuration list for PBXProject "PartsFinder" */;
			compatibilityVersion = "Xcode 9.3";
			developmentRegion = en;
			hasScannedForEncodings = 0;
			knownRegions = (
				en,
				Base,
			);
			mainGroup = 069C605526D3AE2400C9ED79;
			packageReferences = (
				06F3381826DCD91600DADBB6 /* XCRemoteSwiftPackageReference "SwiftLint" */,
			);
			productRefGroup = 069C605F26D3AE2400C9ED79 /* Products */;
			projectDirPath = "";
			projectRoot = "";
			targets = (
				069C605D26D3AE2400C9ED79 /* PartsFinder */,
				069C607326D3AE2600C9ED79 /* PartsFinderTests */,
				069C607E26D3AE2600C9ED79 /* PartsFinderUITests */,
			);
		};
/* End PBXProject section */

/* Begin PBXResourcesBuildPhase section */
		069C605C26D3AE2400C9ED79 /* Resources */ = {
			isa = PBXResourcesBuildPhase;
			buildActionMask = 2147483647;
			files = (
				069C606E26D3AE2600C9ED79 /* LaunchScreen.storyboard in Resources */,
				069C606B26D3AE2600C9ED79 /* Assets.xcassets in Resources */,
			);
			runOnlyForDeploymentPostprocessing = 0;
		};
		069C607226D3AE2600C9ED79 /* Resources */ = {
			isa = PBXResourcesBuildPhase;
			buildActionMask = 2147483647;
			files = (
			);
			runOnlyForDeploymentPostprocessing = 0;
		};
		069C607D26D3AE2600C9ED79 /* Resources */ = {
			isa = PBXResourcesBuildPhase;
			buildActionMask = 2147483647;
			files = (
			);
			runOnlyForDeploymentPostprocessing = 0;
		};
/* End PBXResourcesBuildPhase section */

/* Begin PBXSourcesBuildPhase section */
		069C605A26D3AE2400C9ED79 /* Sources */ = {
			isa = PBXSourcesBuildPhase;
			buildActionMask = 2147483647;
			files = (
				06434F2026D4D90A00CAAB7F /* MainSceneDependencyContainer.swift in Sources */,
				06434F0926D4CDAC00CAAB7F /* MainSceneAssembler.swift in Sources */,
				0643CEED26D3B9FB000480BE /* UIView+SafeAnchors.swift in Sources */,
				06434F1126D4CF6800CAAB7F /* SplitResultEntity.swift in Sources */,
				06434F0326D4CD3800CAAB7F /* MainPresenter.swift in Sources */,
				069C606626D3AE2400C9ED79 /* MainViewController.swift in Sources */,
				069C606226D3AE2400C9ED79 /* AppDelegate.swift in Sources */,
				06434F1B26D4D00200CAAB7F /* NumbersWorker.swift in Sources */,
				0643CF7F26D3EBEC000480BE /* MainInteractor.swift in Sources */,
				069C606426D3AE2400C9ED79 /* SceneDelegate.swift in Sources */,
			);
			runOnlyForDeploymentPostprocessing = 0;
		};
		069C607026D3AE2600C9ED79 /* Sources */ = {
			isa = PBXSourcesBuildPhase;
			buildActionMask = 2147483647;
			files = (
				069C607926D3AE2600C9ED79 /* PartsFinderTests.swift in Sources */,
			);
			runOnlyForDeploymentPostprocessing = 0;
		};
		069C607B26D3AE2600C9ED79 /* Sources */ = {
			isa = PBXSourcesBuildPhase;
			buildActionMask = 2147483647;
			files = (
				069C608426D3AE2600C9ED79 /* PartsFinderUITests.swift in Sources */,
			);
			runOnlyForDeploymentPostprocessing = 0;
		};
/* End PBXSourcesBuildPhase section */

/* Begin PBXTargetDependency section */
		069C607626D3AE2600C9ED79 /* PBXTargetDependency */ = {
			isa = PBXTargetDependency;
			target = 069C605D26D3AE2400C9ED79 /* PartsFinder */;
			targetProxy = 069C607526D3AE2600C9ED79 /* PBXContainerItemProxy */;
		};
		069C608126D3AE2600C9ED79 /* PBXTargetDependency */ = {
			isa = PBXTargetDependency;
			target = 069C605D26D3AE2400C9ED79 /* PartsFinder */;
			targetProxy = 069C608026D3AE2600C9ED79 /* PBXContainerItemProxy */;
		};
/* End PBXTargetDependency section */

/* Begin PBXVariantGroup section */
		069C606C26D3AE2600C9ED79 /* LaunchScreen.storyboard */ = {
			isa = PBXVariantGroup;
			children = (
				069C606D26D3AE2600C9ED79 /* Base */,
			);
			name = LaunchScreen.storyboard;
			sourceTree = "<group>";
		};
/* End PBXVariantGroup section */

/* Begin XCBuildConfiguration section */
		069C608626D3AE2600C9ED79 /* Debug */ = {
			isa = XCBuildConfiguration;
			buildSettings = {
				ALWAYS_SEARCH_USER_PATHS = NO;
				CLANG_ANALYZER_NONNULL = YES;
				CLANG_ANALYZER_NUMBER_OBJECT_CONVERSION = YES_AGGRESSIVE;
				CLANG_CXX_LANGUAGE_STANDARD = "gnu++14";
				CLANG_CXX_LIBRARY = "libc++";
				CLANG_ENABLE_MODULES = YES;
				CLANG_ENABLE_OBJC_ARC = YES;
				CLANG_ENABLE_OBJC_WEAK = YES;
				CLANG_WARN_BLOCK_CAPTURE_AUTORELEASING = YES;
				CLANG_WARN_BOOL_CONVERSION = YES;
				CLANG_WARN_COMMA = YES;
				CLANG_WARN_CONSTANT_CONVERSION = YES;
				CLANG_WARN_DEPRECATED_OBJC_IMPLEMENTATIONS = YES;
				CLANG_WARN_DIRECT_OBJC_ISA_USAGE = YES_ERROR;
				CLANG_WARN_DOCUMENTATION_COMMENTS = YES;
				CLANG_WARN_EMPTY_BODY = YES;
				CLANG_WARN_ENUM_CONVERSION = YES;
				CLANG_WARN_INFINITE_RECURSION = YES;
				CLANG_WARN_INT_CONVERSION = YES;
				CLANG_WARN_NON_LITERAL_NULL_CONVERSION = YES;
				CLANG_WARN_OBJC_IMPLICIT_RETAIN_SELF = YES;
				CLANG_WARN_OBJC_LITERAL_CONVERSION = YES;
				CLANG_WARN_OBJC_ROOT_CLASS = YES_ERROR;
				CLANG_WARN_QUOTED_INCLUDE_IN_FRAMEWORK_HEADER = YES;
				CLANG_WARN_RANGE_LOOP_ANALYSIS = YES;
				CLANG_WARN_STRICT_PROTOTYPES = YES;
				CLANG_WARN_SUSPICIOUS_MOVE = YES;
				CLANG_WARN_UNGUARDED_AVAILABILITY = YES_AGGRESSIVE;
				CLANG_WARN_UNREACHABLE_CODE = YES;
				CLANG_WARN__DUPLICATE_METHOD_MATCH = YES;
				COPY_PHASE_STRIP = NO;
				DEBUG_INFORMATION_FORMAT = dwarf;
				ENABLE_STRICT_OBJC_MSGSEND = YES;
				ENABLE_TESTABILITY = YES;
				GCC_C_LANGUAGE_STANDARD = gnu11;
				GCC_DYNAMIC_NO_PIC = NO;
				GCC_NO_COMMON_BLOCKS = YES;
				GCC_OPTIMIZATION_LEVEL = 0;
				GCC_PREPROCESSOR_DEFINITIONS = (
					"DEBUG=1",
					"$(inherited)",
				);
				GCC_WARN_64_TO_32_BIT_CONVERSION = YES;
				GCC_WARN_ABOUT_RETURN_TYPE = YES_ERROR;
				GCC_WARN_UNDECLARED_SELECTOR = YES;
				GCC_WARN_UNINITIALIZED_AUTOS = YES_AGGRESSIVE;
				GCC_WARN_UNUSED_FUNCTION = YES;
				GCC_WARN_UNUSED_VARIABLE = YES;
				IPHONEOS_DEPLOYMENT_TARGET = 14.4;
				MTL_ENABLE_DEBUG_INFO = INCLUDE_SOURCE;
				MTL_FAST_MATH = YES;
				ONLY_ACTIVE_ARCH = YES;
				SDKROOT = iphoneos;
				SWIFT_ACTIVE_COMPILATION_CONDITIONS = DEBUG;
				SWIFT_OPTIMIZATION_LEVEL = "-Onone";
			};
			name = Debug;
		};
		069C608726D3AE2600C9ED79 /* Release */ = {
			isa = XCBuildConfiguration;
			buildSettings = {
				ALWAYS_SEARCH_USER_PATHS = NO;
				CLANG_ANALYZER_NONNULL = YES;
				CLANG_ANALYZER_NUMBER_OBJECT_CONVERSION = YES_AGGRESSIVE;
				CLANG_CXX_LANGUAGE_STANDARD = "gnu++14";
				CLANG_CXX_LIBRARY = "libc++";
				CLANG_ENABLE_MODULES = YES;
				CLANG_ENABLE_OBJC_ARC = YES;
				CLANG_ENABLE_OBJC_WEAK = YES;
				CLANG_WARN_BLOCK_CAPTURE_AUTORELEASING = YES;
				CLANG_WARN_BOOL_CONVERSION = YES;
				CLANG_WARN_COMMA = YES;
				CLANG_WARN_CONSTANT_CONVERSION = YES;
				CLANG_WARN_DEPRECATED_OBJC_IMPLEMENTATIONS = YES;
				CLANG_WARN_DIRECT_OBJC_ISA_USAGE = YES_ERROR;
				CLANG_WARN_DOCUMENTATION_COMMENTS = YES;
				CLANG_WARN_EMPTY_BODY = YES;
				CLANG_WARN_ENUM_CONVERSION = YES;
				CLANG_WARN_INFINITE_RECURSION = YES;
				CLANG_WARN_INT_CONVERSION = YES;
				CLANG_WARN_NON_LITERAL_NULL_CONVERSION = YES;
				CLANG_WARN_OBJC_IMPLICIT_RETAIN_SELF = YES;
				CLANG_WARN_OBJC_LITERAL_CONVERSION = YES;
				CLANG_WARN_OBJC_ROOT_CLASS = YES_ERROR;
				CLANG_WARN_QUOTED_INCLUDE_IN_FRAMEWORK_HEADER = YES;
				CLANG_WARN_RANGE_LOOP_ANALYSIS = YES;
				CLANG_WARN_STRICT_PROTOTYPES = YES;
				CLANG_WARN_SUSPICIOUS_MOVE = YES;
				CLANG_WARN_UNGUARDED_AVAILABILITY = YES_AGGRESSIVE;
				CLANG_WARN_UNREACHABLE_CODE = YES;
				CLANG_WARN__DUPLICATE_METHOD_MATCH = YES;
				COPY_PHASE_STRIP = NO;
				DEBUG_INFORMATION_FORMAT = "dwarf-with-dsym";
				ENABLE_NS_ASSERTIONS = NO;
				ENABLE_STRICT_OBJC_MSGSEND = YES;
				GCC_C_LANGUAGE_STANDARD = gnu11;
				GCC_NO_COMMON_BLOCKS = YES;
				GCC_WARN_64_TO_32_BIT_CONVERSION = YES;
				GCC_WARN_ABOUT_RETURN_TYPE = YES_ERROR;
				GCC_WARN_UNDECLARED_SELECTOR = YES;
				GCC_WARN_UNINITIALIZED_AUTOS = YES_AGGRESSIVE;
				GCC_WARN_UNUSED_FUNCTION = YES;
				GCC_WARN_UNUSED_VARIABLE = YES;
				IPHONEOS_DEPLOYMENT_TARGET = 14.4;
				MTL_ENABLE_DEBUG_INFO = NO;
				MTL_FAST_MATH = YES;
				SDKROOT = iphoneos;
				SWIFT_COMPILATION_MODE = wholemodule;
				SWIFT_OPTIMIZATION_LEVEL = "-O";
				VALIDATE_PRODUCT = YES;
			};
			name = Release;
		};
		069C608926D3AE2600C9ED79 /* Debug */ = {
			isa = XCBuildConfiguration;
			buildSettings = {
				ASSETCATALOG_COMPILER_APPICON_NAME = AppIcon;
				ASSETCATALOG_COMPILER_GLOBAL_ACCENT_COLOR_NAME = AccentColor;
				CODE_SIGN_STYLE = Automatic;
				DEVELOPMENT_TEAM = CX6B9Z4HL3;
				INFOPLIST_FILE = PartsFinder/Resources/Info.plist;
				LD_RUNPATH_SEARCH_PATHS = (
					"$(inherited)",
					"@executable_path/Frameworks",
				);
				PRODUCT_BUNDLE_IDENTIFIER = com.wcgbinternal.PartsFinder;
				PRODUCT_NAME = "$(TARGET_NAME)";
				SWIFT_VERSION = 5.0;
				TARGETED_DEVICE_FAMILY = "1,2";
			};
			name = Debug;
		};
		069C608A26D3AE2600C9ED79 /* Release */ = {
			isa = XCBuildConfiguration;
			buildSettings = {
				ASSETCATALOG_COMPILER_APPICON_NAME = AppIcon;
				ASSETCATALOG_COMPILER_GLOBAL_ACCENT_COLOR_NAME = AccentColor;
				CODE_SIGN_STYLE = Automatic;
				DEVELOPMENT_TEAM = CX6B9Z4HL3;
				INFOPLIST_FILE = PartsFinder/Resources/Info.plist;
				LD_RUNPATH_SEARCH_PATHS = (
					"$(inherited)",
					"@executable_path/Frameworks",
				);
				PRODUCT_BUNDLE_IDENTIFIER = com.wcgbinternal.PartsFinder;
				PRODUCT_NAME = "$(TARGET_NAME)";
				SWIFT_VERSION = 5.0;
				TARGETED_DEVICE_FAMILY = "1,2";
			};
			name = Release;
		};
		069C608C26D3AE2600C9ED79 /* Debug */ = {
			isa = XCBuildConfiguration;
			buildSettings = {
				ALWAYS_EMBED_SWIFT_STANDARD_LIBRARIES = YES;
				BUNDLE_LOADER = "$(TEST_HOST)";
				CODE_SIGN_STYLE = Automatic;
				INFOPLIST_FILE = PartsFinderTests/Info.plist;
				IPHONEOS_DEPLOYMENT_TARGET = 14.4;
				LD_RUNPATH_SEARCH_PATHS = (
					"$(inherited)",
					"@executable_path/Frameworks",
					"@loader_path/Frameworks",
				);
				PRODUCT_BUNDLE_IDENTIFIER = com.wcgbinternal.PartsFinderTests;
				PRODUCT_NAME = "$(TARGET_NAME)";
				SWIFT_VERSION = 5.0;
				TARGETED_DEVICE_FAMILY = "1,2";
				TEST_HOST = "$(BUILT_PRODUCTS_DIR)/PartsFinder.app/PartsFinder";
			};
			name = Debug;
		};
		069C608D26D3AE2600C9ED79 /* Release */ = {
			isa = XCBuildConfiguration;
			buildSettings = {
				ALWAYS_EMBED_SWIFT_STANDARD_LIBRARIES = YES;
				BUNDLE_LOADER = "$(TEST_HOST)";
				CODE_SIGN_STYLE = Automatic;
				INFOPLIST_FILE = PartsFinderTests/Info.plist;
				IPHONEOS_DEPLOYMENT_TARGET = 14.4;
				LD_RUNPATH_SEARCH_PATHS = (
					"$(inherited)",
					"@executable_path/Frameworks",
					"@loader_path/Frameworks",
				);
				PRODUCT_BUNDLE_IDENTIFIER = com.wcgbinternal.PartsFinderTests;
				PRODUCT_NAME = "$(TARGET_NAME)";
				SWIFT_VERSION = 5.0;
				TARGETED_DEVICE_FAMILY = "1,2";
				TEST_HOST = "$(BUILT_PRODUCTS_DIR)/PartsFinder.app/PartsFinder";
			};
			name = Release;
		};
		069C608F26D3AE2600C9ED79 /* Debug */ = {
			isa = XCBuildConfiguration;
			buildSettings = {
				ALWAYS_EMBED_SWIFT_STANDARD_LIBRARIES = YES;
				CODE_SIGN_STYLE = Automatic;
				INFOPLIST_FILE = PartsFinderUITests/Info.plist;
				LD_RUNPATH_SEARCH_PATHS = (
					"$(inherited)",
					"@executable_path/Frameworks",
					"@loader_path/Frameworks",
				);
				PRODUCT_BUNDLE_IDENTIFIER = com.wcgbinternal.PartsFinderUITests;
				PRODUCT_NAME = "$(TARGET_NAME)";
				SWIFT_VERSION = 5.0;
				TARGETED_DEVICE_FAMILY = "1,2";
				TEST_TARGET_NAME = PartsFinder;
			};
			name = Debug;
		};
		069C609026D3AE2600C9ED79 /* Release */ = {
			isa = XCBuildConfiguration;
			buildSettings = {
				ALWAYS_EMBED_SWIFT_STANDARD_LIBRARIES = YES;
				CODE_SIGN_STYLE = Automatic;
				INFOPLIST_FILE = PartsFinderUITests/Info.plist;
				LD_RUNPATH_SEARCH_PATHS = (
					"$(inherited)",
					"@executable_path/Frameworks",
					"@loader_path/Frameworks",
				);
				PRODUCT_BUNDLE_IDENTIFIER = com.wcgbinternal.PartsFinderUITests;
				PRODUCT_NAME = "$(TARGET_NAME)";
				SWIFT_VERSION = 5.0;
				TARGETED_DEVICE_FAMILY = "1,2";
				TEST_TARGET_NAME = PartsFinder;
			};
			name = Release;
		};
/* End XCBuildConfiguration section */

/* Begin XCConfigurationList section */
		069C605926D3AE2400C9ED79 /* Build configuration list for PBXProject "PartsFinder" */ = {
			isa = XCConfigurationList;
			buildConfigurations = (
				069C608626D3AE2600C9ED79 /* Debug */,
				069C608726D3AE2600C9ED79 /* Release */,
			);
			defaultConfigurationIsVisible = 0;
			defaultConfigurationName = Release;
		};
		069C608826D3AE2600C9ED79 /* Build configuration list for PBXNativeTarget "PartsFinder" */ = {
			isa = XCConfigurationList;
			buildConfigurations = (
				069C608926D3AE2600C9ED79 /* Debug */,
				069C608A26D3AE2600C9ED79 /* Release */,
			);
			defaultConfigurationIsVisible = 0;
			defaultConfigurationName = Release;
		};
		069C608B26D3AE2600C9ED79 /* Build configuration list for PBXNativeTarget "PartsFinderTests" */ = {
			isa = XCConfigurationList;
			buildConfigurations = (
				069C608C26D3AE2600C9ED79 /* Debug */,
				069C608D26D3AE2600C9ED79 /* Release */,
			);
			defaultConfigurationIsVisible = 0;
			defaultConfigurationName = Release;
		};
		069C608E26D3AE2600C9ED79 /* Build configuration list for PBXNativeTarget "PartsFinderUITests" */ = {
			isa = XCConfigurationList;
			buildConfigurations = (
				069C608F26D3AE2600C9ED79 /* Debug */,
				069C609026D3AE2600C9ED79 /* Release */,
			);
			defaultConfigurationIsVisible = 0;
			defaultConfigurationName = Release;
		};
/* End XCConfigurationList section */

/* Begin XCRemoteSwiftPackageReference section */
		06F3381826DCD91600DADBB6 /* XCRemoteSwiftPackageReference "SwiftLint" */ = {
			isa = XCRemoteSwiftPackageReference;
			repositoryURL = "https://github.com/Realm/SwiftLint";
			requirement = {
				kind = upToNextMajorVersion;
				minimumVersion = 0.43.1;
			};
		};
/* End XCRemoteSwiftPackageReference section */

/* Begin XCSwiftPackageProductDependency section */
		06F3381926DCD91600DADBB6 /* SwiftLintFramework */ = {
			isa = XCSwiftPackageProductDependency;
			package = 06F3381826DCD91600DADBB6 /* XCRemoteSwiftPackageReference "SwiftLint" */;
			productName = SwiftLintFramework;
		};
/* End XCSwiftPackageProductDependency section */
	};
	rootObject = 069C605626D3AE2400C9ED79 /* Project object */;
}
